// !$*UTF8*$!
{
	archiveVersion = 1;
	classes = {
	};
	objectVersion = 50;
	objects = {

/* Begin PBXBuildFile section */
		061904D32254229200684100 /* TokenService.swift in Sources */ = {isa = PBXBuildFile; fileRef = 061904D22254229200684100 /* TokenService.swift */; };
		061904D5225423BC00684100 /* Constants.swift in Sources */ = {isa = PBXBuildFile; fileRef = 061904D4225423BC00684100 /* Constants.swift */; };
		061904D8225428C400684100 /* Token.swift in Sources */ = {isa = PBXBuildFile; fileRef = 061904D7225428C400684100 /* Token.swift */; };
		064F3495225079BC00E55415 /* LoginViewModel.swift in Sources */ = {isa = PBXBuildFile; fileRef = 064F3494225079BC00E55415 /* LoginViewModel.swift */; };
		0659859C22628C9C009C148C /* BookDetailViewController.swift in Sources */ = {isa = PBXBuildFile; fileRef = 0659859B22628C9C009C148C /* BookDetailViewController.swift */; };
		065985A0226299FB009C148C /* BookViewModel.swift in Sources */ = {isa = PBXBuildFile; fileRef = 0659859F226299FB009C148C /* BookViewModel.swift */; };
		0681C0E7224FBFD6000EF660 /* AppDelegate.swift in Sources */ = {isa = PBXBuildFile; fileRef = 0681C0E6224FBFD6000EF660 /* AppDelegate.swift */; };
		0681C0EC224FBFD6000EF660 /* Main.storyboard in Resources */ = {isa = PBXBuildFile; fileRef = 0681C0EA224FBFD6000EF660 /* Main.storyboard */; };
		0681C0F1224FBFD6000EF660 /* Assets.xcassets in Resources */ = {isa = PBXBuildFile; fileRef = 0681C0F0224FBFD6000EF660 /* Assets.xcassets */; };
		0681C0F4224FBFD6000EF660 /* LaunchScreen.storyboard in Resources */ = {isa = PBXBuildFile; fileRef = 0681C0F2224FBFD6000EF660 /* LaunchScreen.storyboard */; };
		0681C0FF224FBFD6000EF660 /* ReadingQuantifiedTests.swift in Sources */ = {isa = PBXBuildFile; fileRef = 0681C0FE224FBFD6000EF660 /* ReadingQuantifiedTests.swift */; };
		0681C10A224FBFD6000EF660 /* ReadingQuantifiedUITests.swift in Sources */ = {isa = PBXBuildFile; fileRef = 0681C109224FBFD6000EF660 /* ReadingQuantifiedUITests.swift */; };
		068D18FE2251062800C5F9EC /* SwinjectStoryboardSetup.swift in Sources */ = {isa = PBXBuildFile; fileRef = 068D18FD2251062800C5F9EC /* SwinjectStoryboardSetup.swift */; };
		069A975A224FDF1D00B4E302 /* Startup.storyboard in Resources */ = {isa = PBXBuildFile; fileRef = 069A9759224FDF1D00B4E302 /* Startup.storyboard */; };
		069A975C224FDFAC00B4E302 /* LoginViewController.swift in Sources */ = {isa = PBXBuildFile; fileRef = 069A975B224FDFAC00B4E302 /* LoginViewController.swift */; };
		069A975E224FEC2F00B4E302 /* Dashboard.storyboard in Resources */ = {isa = PBXBuildFile; fileRef = 069A975D224FEC2F00B4E302 /* Dashboard.storyboard */; };
		069A9760224FEC4500B4E302 /* Books.storyboard in Resources */ = {isa = PBXBuildFile; fileRef = 069A975F224FEC4500B4E302 /* Books.storyboard */; };
		069A9762224FEC5200B4E302 /* Settings.storyboard in Resources */ = {isa = PBXBuildFile; fileRef = 069A9761224FEC5200B4E302 /* Settings.storyboard */; };
		069A9764224FEDF000B4E302 /* DashboardViewController.swift in Sources */ = {isa = PBXBuildFile; fileRef = 069A9763224FEDF000B4E302 /* DashboardViewController.swift */; };
		069A9766224FEDFB00B4E302 /* BooksViewController.swift in Sources */ = {isa = PBXBuildFile; fileRef = 069A9765224FEDFB00B4E302 /* BooksViewController.swift */; };
		069A9768224FEE0B00B4E302 /* SettingsViewController.swift in Sources */ = {isa = PBXBuildFile; fileRef = 069A9767224FEE0B00B4E302 /* SettingsViewController.swift */; };
		06AC991522590AAE009A7E9F /* AuthPlugin.swift in Sources */ = {isa = PBXBuildFile; fileRef = 06AC991422590AAE009A7E9F /* AuthPlugin.swift */; };
		06FB5298225998890035BCD0 /* Session.swift in Sources */ = {isa = PBXBuildFile; fileRef = 06FB5297225998890035BCD0 /* Session.swift */; };
		06FB529A2259A90D0035BCD0 /* Book.swift in Sources */ = {isa = PBXBuildFile; fileRef = 06FB52992259A90D0035BCD0 /* Book.swift */; };
		06FB529E2259AB080035BCD0 /* BooksService.swift in Sources */ = {isa = PBXBuildFile; fileRef = 06FB529D2259AB080035BCD0 /* BooksService.swift */; };
		06FB52A02259B1C90035BCD0 /* BooksViewModel.swift in Sources */ = {isa = PBXBuildFile; fileRef = 06FB529F2259B1C90035BCD0 /* BooksViewModel.swift */; };
		06FB52A3225A48600035BCD0 /* BookCell.swift in Sources */ = {isa = PBXBuildFile; fileRef = 06FB52A2225A48600035BCD0 /* BookCell.swift */; };
		A003AF9BA745012378F0A35B /* Pods_ReadingQuantifiedUITests.framework in Frameworks */ = {isa = PBXBuildFile; fileRef = 42A811FF0C5E0E1BE3D2C4FD /* Pods_ReadingQuantifiedUITests.framework */; };
		D93CDD88DD5C6868F8FF7B38 /* Pods_ReadingQuantified.framework in Frameworks */ = {isa = PBXBuildFile; fileRef = 7EC864EEEFA131031667D5CB /* Pods_ReadingQuantified.framework */; };
		E0A8EF70E246FBAC517937FC /* Pods_ReadingQuantifiedTests.framework in Frameworks */ = {isa = PBXBuildFile; fileRef = E9B34EF460CDB879D75A65D7 /* Pods_ReadingQuantifiedTests.framework */; };
/* End PBXBuildFile section */

/* Begin PBXContainerItemProxy section */
		0681C0FB224FBFD6000EF660 /* PBXContainerItemProxy */ = {
			isa = PBXContainerItemProxy;
			containerPortal = 0681C0DB224FBFD5000EF660 /* Project object */;
			proxyType = 1;
			remoteGlobalIDString = 0681C0E2224FBFD5000EF660;
			remoteInfo = ReadingQuantified;
		};
		0681C106224FBFD6000EF660 /* PBXContainerItemProxy */ = {
			isa = PBXContainerItemProxy;
			containerPortal = 0681C0DB224FBFD5000EF660 /* Project object */;
			proxyType = 1;
			remoteGlobalIDString = 0681C0E2224FBFD5000EF660;
			remoteInfo = ReadingQuantified;
		};
/* End PBXContainerItemProxy section */

/* Begin PBXFileReference section */
		051AB5DB166E79AA67168396 /* Pods-ReadingQuantifiedTests.release.xcconfig */ = {isa = PBXFileReference; includeInIndex = 1; lastKnownFileType = text.xcconfig; name = "Pods-ReadingQuantifiedTests.release.xcconfig"; path = "Target Support Files/Pods-ReadingQuantifiedTests/Pods-ReadingQuantifiedTests.release.xcconfig"; sourceTree = "<group>"; };
		061904D22254229200684100 /* TokenService.swift */ = {isa = PBXFileReference; lastKnownFileType = sourcecode.swift; path = TokenService.swift; sourceTree = "<group>"; };
		061904D4225423BC00684100 /* Constants.swift */ = {isa = PBXFileReference; lastKnownFileType = sourcecode.swift; path = Constants.swift; sourceTree = "<group>"; };
		061904D7225428C400684100 /* Token.swift */ = {isa = PBXFileReference; lastKnownFileType = sourcecode.swift; path = Token.swift; sourceTree = "<group>"; };
		064F3494225079BC00E55415 /* LoginViewModel.swift */ = {isa = PBXFileReference; lastKnownFileType = sourcecode.swift; path = LoginViewModel.swift; sourceTree = "<group>"; };
		0659859B22628C9C009C148C /* BookDetailViewController.swift */ = {isa = PBXFileReference; lastKnownFileType = sourcecode.swift; path = BookDetailViewController.swift; sourceTree = "<group>"; };
		0659859F226299FB009C148C /* BookViewModel.swift */ = {isa = PBXFileReference; lastKnownFileType = sourcecode.swift; path = BookViewModel.swift; sourceTree = "<group>"; };
		0681C0E3224FBFD5000EF660 /* ReadingQuantified.app */ = {isa = PBXFileReference; explicitFileType = wrapper.application; includeInIndex = 0; path = ReadingQuantified.app; sourceTree = BUILT_PRODUCTS_DIR; };
		0681C0E6224FBFD6000EF660 /* AppDelegate.swift */ = {isa = PBXFileReference; lastKnownFileType = sourcecode.swift; path = AppDelegate.swift; sourceTree = "<group>"; };
		0681C0EB224FBFD6000EF660 /* Base */ = {isa = PBXFileReference; lastKnownFileType = file.storyboard; name = Base; path = Base.lproj/Main.storyboard; sourceTree = "<group>"; };
		0681C0F0224FBFD6000EF660 /* Assets.xcassets */ = {isa = PBXFileReference; lastKnownFileType = folder.assetcatalog; path = Assets.xcassets; sourceTree = "<group>"; };
		0681C0F3224FBFD6000EF660 /* Base */ = {isa = PBXFileReference; lastKnownFileType = file.storyboard; name = Base; path = Base.lproj/LaunchScreen.storyboard; sourceTree = "<group>"; };
		0681C0F5224FBFD6000EF660 /* Info.plist */ = {isa = PBXFileReference; lastKnownFileType = text.plist.xml; path = Info.plist; sourceTree = "<group>"; };
		0681C0FA224FBFD6000EF660 /* ReadingQuantifiedTests.xctest */ = {isa = PBXFileReference; explicitFileType = wrapper.cfbundle; includeInIndex = 0; path = ReadingQuantifiedTests.xctest; sourceTree = BUILT_PRODUCTS_DIR; };
		0681C0FE224FBFD6000EF660 /* ReadingQuantifiedTests.swift */ = {isa = PBXFileReference; lastKnownFileType = sourcecode.swift; path = ReadingQuantifiedTests.swift; sourceTree = "<group>"; };
		0681C100224FBFD6000EF660 /* Info.plist */ = {isa = PBXFileReference; lastKnownFileType = text.plist.xml; path = Info.plist; sourceTree = "<group>"; };
		0681C105224FBFD6000EF660 /* ReadingQuantifiedUITests.xctest */ = {isa = PBXFileReference; explicitFileType = wrapper.cfbundle; includeInIndex = 0; path = ReadingQuantifiedUITests.xctest; sourceTree = BUILT_PRODUCTS_DIR; };
		0681C109224FBFD6000EF660 /* ReadingQuantifiedUITests.swift */ = {isa = PBXFileReference; lastKnownFileType = sourcecode.swift; path = ReadingQuantifiedUITests.swift; sourceTree = "<group>"; };
		0681C10B224FBFD6000EF660 /* Info.plist */ = {isa = PBXFileReference; lastKnownFileType = text.plist.xml; path = Info.plist; sourceTree = "<group>"; };
		068D18FD2251062800C5F9EC /* SwinjectStoryboardSetup.swift */ = {isa = PBXFileReference; lastKnownFileType = sourcecode.swift; path = SwinjectStoryboardSetup.swift; sourceTree = "<group>"; };
		069A9759224FDF1D00B4E302 /* Startup.storyboard */ = {isa = PBXFileReference; lastKnownFileType = file.storyboard; path = Startup.storyboard; sourceTree = "<group>"; };
		069A975B224FDFAC00B4E302 /* LoginViewController.swift */ = {isa = PBXFileReference; lastKnownFileType = sourcecode.swift; path = LoginViewController.swift; sourceTree = "<group>"; };
		069A975D224FEC2F00B4E302 /* Dashboard.storyboard */ = {isa = PBXFileReference; lastKnownFileType = file.storyboard; path = Dashboard.storyboard; sourceTree = "<group>"; };
		069A975F224FEC4500B4E302 /* Books.storyboard */ = {isa = PBXFileReference; lastKnownFileType = file.storyboard; path = Books.storyboard; sourceTree = "<group>"; };
		069A9761224FEC5200B4E302 /* Settings.storyboard */ = {isa = PBXFileReference; lastKnownFileType = file.storyboard; path = Settings.storyboard; sourceTree = "<group>"; };
		069A9763224FEDF000B4E302 /* DashboardViewController.swift */ = {isa = PBXFileReference; lastKnownFileType = sourcecode.swift; path = DashboardViewController.swift; sourceTree = "<group>"; };
		069A9765224FEDFB00B4E302 /* BooksViewController.swift */ = {isa = PBXFileReference; lastKnownFileType = sourcecode.swift; path = BooksViewController.swift; sourceTree = "<group>"; };
		069A9767224FEE0B00B4E302 /* SettingsViewController.swift */ = {isa = PBXFileReference; lastKnownFileType = sourcecode.swift; path = SettingsViewController.swift; sourceTree = "<group>"; };
		06AC991422590AAE009A7E9F /* AuthPlugin.swift */ = {isa = PBXFileReference; lastKnownFileType = sourcecode.swift; path = AuthPlugin.swift; sourceTree = "<group>"; };
		06FB5297225998890035BCD0 /* Session.swift */ = {isa = PBXFileReference; lastKnownFileType = sourcecode.swift; path = Session.swift; sourceTree = "<group>"; };
		06FB52992259A90D0035BCD0 /* Book.swift */ = {isa = PBXFileReference; lastKnownFileType = sourcecode.swift; path = Book.swift; sourceTree = "<group>"; };
		06FB529D2259AB080035BCD0 /* BooksService.swift */ = {isa = PBXFileReference; lastKnownFileType = sourcecode.swift; path = BooksService.swift; sourceTree = "<group>"; };
		06FB529F2259B1C90035BCD0 /* BooksViewModel.swift */ = {isa = PBXFileReference; lastKnownFileType = sourcecode.swift; path = BooksViewModel.swift; sourceTree = "<group>"; };
		06FB52A2225A48600035BCD0 /* BookCell.swift */ = {isa = PBXFileReference; lastKnownFileType = sourcecode.swift; path = BookCell.swift; sourceTree = "<group>"; };
		09C79FE59E75A8645FAAE9C6 /* Pods-ReadingQuantifiedUITests.debug.xcconfig */ = {isa = PBXFileReference; includeInIndex = 1; lastKnownFileType = text.xcconfig; name = "Pods-ReadingQuantifiedUITests.debug.xcconfig"; path = "Target Support Files/Pods-ReadingQuantifiedUITests/Pods-ReadingQuantifiedUITests.debug.xcconfig"; sourceTree = "<group>"; };
		3B68C14E46371754AED0B8CE /* Pods-ReadingQuantified.release.xcconfig */ = {isa = PBXFileReference; includeInIndex = 1; lastKnownFileType = text.xcconfig; name = "Pods-ReadingQuantified.release.xcconfig"; path = "Target Support Files/Pods-ReadingQuantified/Pods-ReadingQuantified.release.xcconfig"; sourceTree = "<group>"; };
		3E1C7BDEE1C44D4EBDE17EE8 /* Pods-ReadingQuantified.debug.xcconfig */ = {isa = PBXFileReference; includeInIndex = 1; lastKnownFileType = text.xcconfig; name = "Pods-ReadingQuantified.debug.xcconfig"; path = "Target Support Files/Pods-ReadingQuantified/Pods-ReadingQuantified.debug.xcconfig"; sourceTree = "<group>"; };
		3E5A190DD93414CA492CB246 /* Pods-ReadingQuantifiedTests.debug.xcconfig */ = {isa = PBXFileReference; includeInIndex = 1; lastKnownFileType = text.xcconfig; name = "Pods-ReadingQuantifiedTests.debug.xcconfig"; path = "Target Support Files/Pods-ReadingQuantifiedTests/Pods-ReadingQuantifiedTests.debug.xcconfig"; sourceTree = "<group>"; };
		42A811FF0C5E0E1BE3D2C4FD /* Pods_ReadingQuantifiedUITests.framework */ = {isa = PBXFileReference; explicitFileType = wrapper.framework; includeInIndex = 0; path = Pods_ReadingQuantifiedUITests.framework; sourceTree = BUILT_PRODUCTS_DIR; };
		4434872E33448DE243D45586 /* Pods-ReadingQuantifiedUITests.release.xcconfig */ = {isa = PBXFileReference; includeInIndex = 1; lastKnownFileType = text.xcconfig; name = "Pods-ReadingQuantifiedUITests.release.xcconfig"; path = "Target Support Files/Pods-ReadingQuantifiedUITests/Pods-ReadingQuantifiedUITests.release.xcconfig"; sourceTree = "<group>"; };
		7EC864EEEFA131031667D5CB /* Pods_ReadingQuantified.framework */ = {isa = PBXFileReference; explicitFileType = wrapper.framework; includeInIndex = 0; path = Pods_ReadingQuantified.framework; sourceTree = BUILT_PRODUCTS_DIR; };
		E9B34EF460CDB879D75A65D7 /* Pods_ReadingQuantifiedTests.framework */ = {isa = PBXFileReference; explicitFileType = wrapper.framework; includeInIndex = 0; path = Pods_ReadingQuantifiedTests.framework; sourceTree = BUILT_PRODUCTS_DIR; };
/* End PBXFileReference section */

/* Begin PBXFrameworksBuildPhase section */
		0681C0E0224FBFD5000EF660 /* Frameworks */ = {
			isa = PBXFrameworksBuildPhase;
			buildActionMask = 2147483647;
			files = (
				D93CDD88DD5C6868F8FF7B38 /* Pods_ReadingQuantified.framework in Frameworks */,
			);
			runOnlyForDeploymentPostprocessing = 0;
		};
		0681C0F7224FBFD6000EF660 /* Frameworks */ = {
			isa = PBXFrameworksBuildPhase;
			buildActionMask = 2147483647;
			files = (
				E0A8EF70E246FBAC517937FC /* Pods_ReadingQuantifiedTests.framework in Frameworks */,
			);
			runOnlyForDeploymentPostprocessing = 0;
		};
		0681C102224FBFD6000EF660 /* Frameworks */ = {
			isa = PBXFrameworksBuildPhase;
			buildActionMask = 2147483647;
			files = (
				A003AF9BA745012378F0A35B /* Pods_ReadingQuantifiedUITests.framework in Frameworks */,
			);
			runOnlyForDeploymentPostprocessing = 0;
		};
/* End PBXFrameworksBuildPhase section */

/* Begin PBXGroup section */
		061904D12254227E00684100 /* Services */ = {
			isa = PBXGroup;
			children = (
				06AC991422590AAE009A7E9F /* AuthPlugin.swift */,
				06FB529D2259AB080035BCD0 /* BooksService.swift */,
				061904D22254229200684100 /* TokenService.swift */,
			);
			path = Services;
			sourceTree = "<group>";
		};
		061904D6225428B700684100 /* Models */ = {
			isa = PBXGroup;
			children = (
				06FB52992259A90D0035BCD0 /* Book.swift */,
				061904D7225428C400684100 /* Token.swift */,
			);
			path = Models;
			sourceTree = "<group>";
		};
		064F348D22506FC600E55415 /* ViewModels */ = {
			isa = PBXGroup;
			children = (
				0659859F226299FB009C148C /* BookViewModel.swift */,
				06FB529F2259B1C90035BCD0 /* BooksViewModel.swift */,
				064F3494225079BC00E55415 /* LoginViewModel.swift */,
			);
			path = ViewModels;
			sourceTree = "<group>";
		};
		06716FD022500C62008D179E /* Storyboards */ = {
			isa = PBXGroup;
			children = (
				069A975F224FEC4500B4E302 /* Books.storyboard */,
				069A975D224FEC2F00B4E302 /* Dashboard.storyboard */,
				0681C0F2224FBFD6000EF660 /* LaunchScreen.storyboard */,
				0681C0EA224FBFD6000EF660 /* Main.storyboard */,
				069A9761224FEC5200B4E302 /* Settings.storyboard */,
				069A9759224FDF1D00B4E302 /* Startup.storyboard */,
			);
			path = Storyboards;
			sourceTree = "<group>";
		};
		0681C0DA224FBFD5000EF660 = {
			isa = PBXGroup;
			children = (
				0681C0E5224FBFD6000EF660 /* ReadingQuantified */,
				0681C0FD224FBFD6000EF660 /* ReadingQuantifiedTests */,
				0681C108224FBFD6000EF660 /* ReadingQuantifiedUITests */,
				0681C0E4224FBFD5000EF660 /* Products */,
				0D918DF31E9887CB100FD6AF /* Pods */,
				E284B453B1696FD52B5132C3 /* Frameworks */,
			);
			sourceTree = "<group>";
		};
		0681C0E4224FBFD5000EF660 /* Products */ = {
			isa = PBXGroup;
			children = (
				0681C0E3224FBFD5000EF660 /* ReadingQuantified.app */,
				0681C0FA224FBFD6000EF660 /* ReadingQuantifiedTests.xctest */,
				0681C105224FBFD6000EF660 /* ReadingQuantifiedUITests.xctest */,
			);
			name = Products;
			sourceTree = "<group>";
		};
		0681C0E5224FBFD6000EF660 /* ReadingQuantified */ = {
			isa = PBXGroup;
			children = (
				061904D4225423BC00684100 /* Constants.swift */,
				06FB5297225998890035BCD0 /* Session.swift */,
				068D18FD2251062800C5F9EC /* SwinjectStoryboardSetup.swift */,
				069A9755224FD6B000B4E302 /* AppDelegate */,
				069A9756224FD6BB00B4E302 /* Controllers */,
				061904D6225428B700684100 /* Models */,
				069A9758224FD6CC00B4E302 /* Resources */,
				061904D12254227E00684100 /* Services */,
				064F348D22506FC600E55415 /* ViewModels */,
				069A9757224FD6C400B4E302 /* Views */,
			);
			path = ReadingQuantified;
			sourceTree = "<group>";
		};
		0681C0FD224FBFD6000EF660 /* ReadingQuantifiedTests */ = {
			isa = PBXGroup;
			children = (
				0681C0FE224FBFD6000EF660 /* ReadingQuantifiedTests.swift */,
				0681C100224FBFD6000EF660 /* Info.plist */,
			);
			path = ReadingQuantifiedTests;
			sourceTree = "<group>";
		};
		0681C108224FBFD6000EF660 /* ReadingQuantifiedUITests */ = {
			isa = PBXGroup;
			children = (
				0681C109224FBFD6000EF660 /* ReadingQuantifiedUITests.swift */,
				0681C10B224FBFD6000EF660 /* Info.plist */,
			);
			path = ReadingQuantifiedUITests;
			sourceTree = "<group>";
		};
		069A9755224FD6B000B4E302 /* AppDelegate */ = {
			isa = PBXGroup;
			children = (
				0681C0E6224FBFD6000EF660 /* AppDelegate.swift */,
			);
			path = AppDelegate;
			sourceTree = "<group>";
		};
		069A9756224FD6BB00B4E302 /* Controllers */ = {
			isa = PBXGroup;
			children = (
				0659859B22628C9C009C148C /* BookDetailViewController.swift */,
				069A9765224FEDFB00B4E302 /* BooksViewController.swift */,
				069A9763224FEDF000B4E302 /* DashboardViewController.swift */,
				069A975B224FDFAC00B4E302 /* LoginViewController.swift */,
				069A9767224FEE0B00B4E302 /* SettingsViewController.swift */,
			);
			path = Controllers;
			sourceTree = "<group>";
		};
		069A9757224FD6C400B4E302 /* Views */ = {
			isa = PBXGroup;
			children = (
				06FB52A1225A47FD0035BCD0 /* Cells */,
				06716FD022500C62008D179E /* Storyboards */,
			);
			path = Views;
			sourceTree = "<group>";
		};
		069A9758224FD6CC00B4E302 /* Resources */ = {
			isa = PBXGroup;
			children = (
				0681C0F5224FBFD6000EF660 /* Info.plist */,
				0681C0F0224FBFD6000EF660 /* Assets.xcassets */,
			);
			path = Resources;
			sourceTree = "<group>";
		};
		06FB52A1225A47FD0035BCD0 /* Cells */ = {
			isa = PBXGroup;
			children = (
				06FB52A2225A48600035BCD0 /* BookCell.swift */,
			);
			path = Cells;
			sourceTree = "<group>";
		};
		0D918DF31E9887CB100FD6AF /* Pods */ = {
			isa = PBXGroup;
			children = (
				3E1C7BDEE1C44D4EBDE17EE8 /* Pods-ReadingQuantified.debug.xcconfig */,
				3B68C14E46371754AED0B8CE /* Pods-ReadingQuantified.release.xcconfig */,
				3E5A190DD93414CA492CB246 /* Pods-ReadingQuantifiedTests.debug.xcconfig */,
				051AB5DB166E79AA67168396 /* Pods-ReadingQuantifiedTests.release.xcconfig */,
				09C79FE59E75A8645FAAE9C6 /* Pods-ReadingQuantifiedUITests.debug.xcconfig */,
				4434872E33448DE243D45586 /* Pods-ReadingQuantifiedUITests.release.xcconfig */,
			);
			path = Pods;
			sourceTree = "<group>";
		};
		E284B453B1696FD52B5132C3 /* Frameworks */ = {
			isa = PBXGroup;
			children = (
				7EC864EEEFA131031667D5CB /* Pods_ReadingQuantified.framework */,
				E9B34EF460CDB879D75A65D7 /* Pods_ReadingQuantifiedTests.framework */,
				42A811FF0C5E0E1BE3D2C4FD /* Pods_ReadingQuantifiedUITests.framework */,
			);
			name = Frameworks;
			sourceTree = "<group>";
		};
/* End PBXGroup section */

/* Begin PBXNativeTarget section */
		0681C0E2224FBFD5000EF660 /* ReadingQuantified */ = {
			isa = PBXNativeTarget;
			buildConfigurationList = 0681C10E224FBFD6000EF660 /* Build configuration list for PBXNativeTarget "ReadingQuantified" */;
			buildPhases = (
				9CF9D7F725600B3004674154 /* [CP] Check Pods Manifest.lock */,
				0681C0DF224FBFD5000EF660 /* Sources */,
				0681C0E0224FBFD5000EF660 /* Frameworks */,
				0681C0E1224FBFD5000EF660 /* Resources */,
				5C0434EA5999803E987FACE0 /* [CP] Embed Pods Frameworks */,
			);
			buildRules = (
			);
			dependencies = (
			);
			name = ReadingQuantified;
			productName = ReadingQuantified;
			productReference = 0681C0E3224FBFD5000EF660 /* ReadingQuantified.app */;
			productType = "com.apple.product-type.application";
		};
		0681C0F9224FBFD6000EF660 /* ReadingQuantifiedTests */ = {
			isa = PBXNativeTarget;
			buildConfigurationList = 0681C111224FBFD6000EF660 /* Build configuration list for PBXNativeTarget "ReadingQuantifiedTests" */;
			buildPhases = (
				E494E2647A6034818AEB2B15 /* [CP] Check Pods Manifest.lock */,
				0681C0F6224FBFD6000EF660 /* Sources */,
				0681C0F7224FBFD6000EF660 /* Frameworks */,
				0681C0F8224FBFD6000EF660 /* Resources */,
			);
			buildRules = (
			);
			dependencies = (
				0681C0FC224FBFD6000EF660 /* PBXTargetDependency */,
			);
			name = ReadingQuantifiedTests;
			productName = ReadingQuantifiedTests;
			productReference = 0681C0FA224FBFD6000EF660 /* ReadingQuantifiedTests.xctest */;
			productType = "com.apple.product-type.bundle.unit-test";
		};
		0681C104224FBFD6000EF660 /* ReadingQuantifiedUITests */ = {
			isa = PBXNativeTarget;
			buildConfigurationList = 0681C114224FBFD6000EF660 /* Build configuration list for PBXNativeTarget "ReadingQuantifiedUITests" */;
			buildPhases = (
				361E3CBD025019ED64877480 /* [CP] Check Pods Manifest.lock */,
				0681C101224FBFD6000EF660 /* Sources */,
				0681C102224FBFD6000EF660 /* Frameworks */,
				0681C103224FBFD6000EF660 /* Resources */,
			);
			buildRules = (
			);
			dependencies = (
				0681C107224FBFD6000EF660 /* PBXTargetDependency */,
			);
			name = ReadingQuantifiedUITests;
			productName = ReadingQuantifiedUITests;
			productReference = 0681C105224FBFD6000EF660 /* ReadingQuantifiedUITests.xctest */;
			productType = "com.apple.product-type.bundle.ui-testing";
		};
/* End PBXNativeTarget section */

/* Begin PBXProject section */
		0681C0DB224FBFD5000EF660 /* Project object */ = {
			isa = PBXProject;
			attributes = {
				LastSwiftUpdateCheck = 1020;
				LastUpgradeCheck = 1020;
				ORGANIZATIONNAME = "Esther Jun Kim";
				TargetAttributes = {
					0681C0E2224FBFD5000EF660 = {
						CreatedOnToolsVersion = 10.2;
					};
					0681C0F9224FBFD6000EF660 = {
						CreatedOnToolsVersion = 10.2;
						TestTargetID = 0681C0E2224FBFD5000EF660;
					};
					0681C104224FBFD6000EF660 = {
						CreatedOnToolsVersion = 10.2;
						TestTargetID = 0681C0E2224FBFD5000EF660;
					};
				};
			};
			buildConfigurationList = 0681C0DE224FBFD5000EF660 /* Build configuration list for PBXProject "ReadingQuantified" */;
			compatibilityVersion = "Xcode 9.3";
			developmentRegion = en;
			hasScannedForEncodings = 0;
			knownRegions = (
				en,
				Base,
			);
			mainGroup = 0681C0DA224FBFD5000EF660;
			productRefGroup = 0681C0E4224FBFD5000EF660 /* Products */;
			projectDirPath = "";
			projectRoot = "";
			targets = (
				0681C0E2224FBFD5000EF660 /* ReadingQuantified */,
				0681C0F9224FBFD6000EF660 /* ReadingQuantifiedTests */,
				0681C104224FBFD6000EF660 /* ReadingQuantifiedUITests */,
			);
		};
/* End PBXProject section */

/* Begin PBXResourcesBuildPhase section */
		0681C0E1224FBFD5000EF660 /* Resources */ = {
			isa = PBXResourcesBuildPhase;
			buildActionMask = 2147483647;
			files = (
				069A975A224FDF1D00B4E302 /* Startup.storyboard in Resources */,
				069A9760224FEC4500B4E302 /* Books.storyboard in Resources */,
				069A975E224FEC2F00B4E302 /* Dashboard.storyboard in Resources */,
				0681C0F4224FBFD6000EF660 /* LaunchScreen.storyboard in Resources */,
				0681C0F1224FBFD6000EF660 /* Assets.xcassets in Resources */,
				0681C0EC224FBFD6000EF660 /* Main.storyboard in Resources */,
				069A9762224FEC5200B4E302 /* Settings.storyboard in Resources */,
			);
			runOnlyForDeploymentPostprocessing = 0;
		};
		0681C0F8224FBFD6000EF660 /* Resources */ = {
			isa = PBXResourcesBuildPhase;
			buildActionMask = 2147483647;
			files = (
			);
			runOnlyForDeploymentPostprocessing = 0;
		};
		0681C103224FBFD6000EF660 /* Resources */ = {
			isa = PBXResourcesBuildPhase;
			buildActionMask = 2147483647;
			files = (
			);
			runOnlyForDeploymentPostprocessing = 0;
		};
/* End PBXResourcesBuildPhase section */

/* Begin PBXShellScriptBuildPhase section */
		361E3CBD025019ED64877480 /* [CP] Check Pods Manifest.lock */ = {
			isa = PBXShellScriptBuildPhase;
			buildActionMask = 2147483647;
			files = (
			);
			inputFileListPaths = (
			);
			inputPaths = (
				"${PODS_PODFILE_DIR_PATH}/Podfile.lock",
				"${PODS_ROOT}/Manifest.lock",
			);
			name = "[CP] Check Pods Manifest.lock";
			outputFileListPaths = (
			);
			outputPaths = (
				"$(DERIVED_FILE_DIR)/Pods-ReadingQuantifiedUITests-checkManifestLockResult.txt",
			);
			runOnlyForDeploymentPostprocessing = 0;
			shellPath = /bin/sh;
			shellScript = "diff \"${PODS_PODFILE_DIR_PATH}/Podfile.lock\" \"${PODS_ROOT}/Manifest.lock\" > /dev/null\nif [ $? != 0 ] ; then\n    # print error to STDERR\n    echo \"error: The sandbox is not in sync with the Podfile.lock. Run 'pod install' or update your CocoaPods installation.\" >&2\n    exit 1\nfi\n# This output is used by Xcode 'outputs' to avoid re-running this script phase.\necho \"SUCCESS\" > \"${SCRIPT_OUTPUT_FILE_0}\"\n";
			showEnvVarsInLog = 0;
		};
		5C0434EA5999803E987FACE0 /* [CP] Embed Pods Frameworks */ = {
			isa = PBXShellScriptBuildPhase;
			buildActionMask = 2147483647;
			files = (
			);
			inputFileListPaths = (
			);
			inputPaths = (
				"${PODS_ROOT}/Target Support Files/Pods-ReadingQuantified/Pods-ReadingQuantified-frameworks.sh",
				"${BUILT_PRODUCTS_DIR}/Alamofire/Alamofire.framework",
				"${BUILT_PRODUCTS_DIR}/Moya/Moya.framework",
				"${BUILT_PRODUCTS_DIR}/Realm/Realm.framework",
				"${BUILT_PRODUCTS_DIR}/RealmSwift/RealmSwift.framework",
				"${BUILT_PRODUCTS_DIR}/Result/Result.framework",
				"${BUILT_PRODUCTS_DIR}/RxAtomic/RxAtomic.framework",
				"${BUILT_PRODUCTS_DIR}/RxCocoa/RxCocoa.framework",
				"${BUILT_PRODUCTS_DIR}/RxRealm/RxRealm.framework",
				"${BUILT_PRODUCTS_DIR}/RxSwift/RxSwift.framework",
				"${BUILT_PRODUCTS_DIR}/Swinject/Swinject.framework",
				"${BUILT_PRODUCTS_DIR}/SwinjectStoryboard/SwinjectStoryboard.framework",
			);
			name = "[CP] Embed Pods Frameworks";
			outputFileListPaths = (
			);
			outputPaths = (
				"${TARGET_BUILD_DIR}/${FRAMEWORKS_FOLDER_PATH}/Alamofire.framework",
				"${TARGET_BUILD_DIR}/${FRAMEWORKS_FOLDER_PATH}/Moya.framework",
				"${TARGET_BUILD_DIR}/${FRAMEWORKS_FOLDER_PATH}/Realm.framework",
				"${TARGET_BUILD_DIR}/${FRAMEWORKS_FOLDER_PATH}/RealmSwift.framework",
				"${TARGET_BUILD_DIR}/${FRAMEWORKS_FOLDER_PATH}/Result.framework",
				"${TARGET_BUILD_DIR}/${FRAMEWORKS_FOLDER_PATH}/RxAtomic.framework",
				"${TARGET_BUILD_DIR}/${FRAMEWORKS_FOLDER_PATH}/RxCocoa.framework",
				"${TARGET_BUILD_DIR}/${FRAMEWORKS_FOLDER_PATH}/RxRealm.framework",
				"${TARGET_BUILD_DIR}/${FRAMEWORKS_FOLDER_PATH}/RxSwift.framework",
				"${TARGET_BUILD_DIR}/${FRAMEWORKS_FOLDER_PATH}/Swinject.framework",
				"${TARGET_BUILD_DIR}/${FRAMEWORKS_FOLDER_PATH}/SwinjectStoryboard.framework",
			);
			runOnlyForDeploymentPostprocessing = 0;
			shellPath = /bin/sh;
			shellScript = "\"${PODS_ROOT}/Target Support Files/Pods-ReadingQuantified/Pods-ReadingQuantified-frameworks.sh\"\n";
			showEnvVarsInLog = 0;
		};
		9CF9D7F725600B3004674154 /* [CP] Check Pods Manifest.lock */ = {
			isa = PBXShellScriptBuildPhase;
			buildActionMask = 2147483647;
			files = (
			);
			inputFileListPaths = (
			);
			inputPaths = (
				"${PODS_PODFILE_DIR_PATH}/Podfile.lock",
				"${PODS_ROOT}/Manifest.lock",
			);
			name = "[CP] Check Pods Manifest.lock";
			outputFileListPaths = (
			);
			outputPaths = (
				"$(DERIVED_FILE_DIR)/Pods-ReadingQuantified-checkManifestLockResult.txt",
			);
			runOnlyForDeploymentPostprocessing = 0;
			shellPath = /bin/sh;
			shellScript = "diff \"${PODS_PODFILE_DIR_PATH}/Podfile.lock\" \"${PODS_ROOT}/Manifest.lock\" > /dev/null\nif [ $? != 0 ] ; then\n    # print error to STDERR\n    echo \"error: The sandbox is not in sync with the Podfile.lock. Run 'pod install' or update your CocoaPods installation.\" >&2\n    exit 1\nfi\n# This output is used by Xcode 'outputs' to avoid re-running this script phase.\necho \"SUCCESS\" > \"${SCRIPT_OUTPUT_FILE_0}\"\n";
			showEnvVarsInLog = 0;
		};
		E494E2647A6034818AEB2B15 /* [CP] Check Pods Manifest.lock */ = {
			isa = PBXShellScriptBuildPhase;
			buildActionMask = 2147483647;
			files = (
			);
			inputFileListPaths = (
			);
			inputPaths = (
				"${PODS_PODFILE_DIR_PATH}/Podfile.lock",
				"${PODS_ROOT}/Manifest.lock",
			);
			name = "[CP] Check Pods Manifest.lock";
			outputFileListPaths = (
			);
			outputPaths = (
				"$(DERIVED_FILE_DIR)/Pods-ReadingQuantifiedTests-checkManifestLockResult.txt",
			);
			runOnlyForDeploymentPostprocessing = 0;
			shellPath = /bin/sh;
			shellScript = "diff \"${PODS_PODFILE_DIR_PATH}/Podfile.lock\" \"${PODS_ROOT}/Manifest.lock\" > /dev/null\nif [ $? != 0 ] ; then\n    # print error to STDERR\n    echo \"error: The sandbox is not in sync with the Podfile.lock. Run 'pod install' or update your CocoaPods installation.\" >&2\n    exit 1\nfi\n# This output is used by Xcode 'outputs' to avoid re-running this script phase.\necho \"SUCCESS\" > \"${SCRIPT_OUTPUT_FILE_0}\"\n";
			showEnvVarsInLog = 0;
		};
/* End PBXShellScriptBuildPhase section */

/* Begin PBXSourcesBuildPhase section */
		0681C0DF224FBFD5000EF660 /* Sources */ = {
			isa = PBXSourcesBuildPhase;
			buildActionMask = 2147483647;
			files = (
				061904D32254229200684100 /* TokenService.swift in Sources */,
				069A9766224FEDFB00B4E302 /* BooksViewController.swift in Sources */,
				06FB529A2259A90D0035BCD0 /* Book.swift in Sources */,
				068D18FE2251062800C5F9EC /* SwinjectStoryboardSetup.swift in Sources */,
				069A975C224FDFAC00B4E302 /* LoginViewController.swift in Sources */,
				0681C0E7224FBFD6000EF660 /* AppDelegate.swift in Sources */,
				065985A0226299FB009C148C /* BookViewModel.swift in Sources */,
				061904D5225423BC00684100 /* Constants.swift in Sources */,
				06FB5298225998890035BCD0 /* Session.swift in Sources */,
				06FB52A3225A48600035BCD0 /* BookCell.swift in Sources */,
				06FB52A02259B1C90035BCD0 /* BooksViewModel.swift in Sources */,
				06FB529E2259AB080035BCD0 /* BooksService.swift in Sources */,
				061904D8225428C400684100 /* Token.swift in Sources */,
				06AC991522590AAE009A7E9F /* AuthPlugin.swift in Sources */,
				069A9764224FEDF000B4E302 /* DashboardViewController.swift in Sources */,
				0659859C22628C9C009C148C /* BookDetailViewController.swift in Sources */,
				069A9768224FEE0B00B4E302 /* SettingsViewController.swift in Sources */,
				064F3495225079BC00E55415 /* LoginViewModel.swift in Sources */,
			);
			runOnlyForDeploymentPostprocessing = 0;
		};
		0681C0F6224FBFD6000EF660 /* Sources */ = {
			isa = PBXSourcesBuildPhase;
			buildActionMask = 2147483647;
			files = (
				0681C0FF224FBFD6000EF660 /* ReadingQuantifiedTests.swift in Sources */,
			);
			runOnlyForDeploymentPostprocessing = 0;
		};
		0681C101224FBFD6000EF660 /* Sources */ = {
			isa = PBXSourcesBuildPhase;
			buildActionMask = 2147483647;
			files = (
				0681C10A224FBFD6000EF660 /* ReadingQuantifiedUITests.swift in Sources */,
			);
			runOnlyForDeploymentPostprocessing = 0;
		};
/* End PBXSourcesBuildPhase section */

/* Begin PBXTargetDependency section */
		0681C0FC224FBFD6000EF660 /* PBXTargetDependency */ = {
			isa = PBXTargetDependency;
			target = 0681C0E2224FBFD5000EF660 /* ReadingQuantified */;
			targetProxy = 0681C0FB224FBFD6000EF660 /* PBXContainerItemProxy */;
		};
		0681C107224FBFD6000EF660 /* PBXTargetDependency */ = {
			isa = PBXTargetDependency;
			target = 0681C0E2224FBFD5000EF660 /* ReadingQuantified */;
			targetProxy = 0681C106224FBFD6000EF660 /* PBXContainerItemProxy */;
		};
/* End PBXTargetDependency section */

/* Begin PBXVariantGroup section */
		0681C0EA224FBFD6000EF660 /* Main.storyboard */ = {
			isa = PBXVariantGroup;
			children = (
				0681C0EB224FBFD6000EF660 /* Base */,
			);
			name = Main.storyboard;
			sourceTree = "<group>";
		};
		0681C0F2224FBFD6000EF660 /* LaunchScreen.storyboard */ = {
			isa = PBXVariantGroup;
			children = (
				0681C0F3224FBFD6000EF660 /* Base */,
			);
			name = LaunchScreen.storyboard;
			sourceTree = "<group>";
		};
/* End PBXVariantGroup section */

/* Begin XCBuildConfiguration section */
		0681C10C224FBFD6000EF660 /* Debug */ = {
			isa = XCBuildConfiguration;
			buildSettings = {
				ALWAYS_SEARCH_USER_PATHS = NO;
				CLANG_ANALYZER_NONNULL = YES;
				CLANG_ANALYZER_NUMBER_OBJECT_CONVERSION = YES_AGGRESSIVE;
				CLANG_CXX_LANGUAGE_STANDARD = "gnu++14";
				CLANG_CXX_LIBRARY = "libc++";
				CLANG_ENABLE_MODULES = YES;
				CLANG_ENABLE_OBJC_ARC = YES;
				CLANG_ENABLE_OBJC_WEAK = YES;
				CLANG_WARN_BLOCK_CAPTURE_AUTORELEASING = YES;
				CLANG_WARN_BOOL_CONVERSION = YES;
				CLANG_WARN_COMMA = YES;
				CLANG_WARN_CONSTANT_CONVERSION = YES;
				CLANG_WARN_DEPRECATED_OBJC_IMPLEMENTATIONS = YES;
				CLANG_WARN_DIRECT_OBJC_ISA_USAGE = YES_ERROR;
				CLANG_WARN_DOCUMENTATION_COMMENTS = YES;
				CLANG_WARN_EMPTY_BODY = YES;
				CLANG_WARN_ENUM_CONVERSION = YES;
				CLANG_WARN_INFINITE_RECURSION = YES;
				CLANG_WARN_INT_CONVERSION = YES;
				CLANG_WARN_NON_LITERAL_NULL_CONVERSION = YES;
				CLANG_WARN_OBJC_IMPLICIT_RETAIN_SELF = YES;
				CLANG_WARN_OBJC_LITERAL_CONVERSION = YES;
				CLANG_WARN_OBJC_ROOT_CLASS = YES_ERROR;
				CLANG_WARN_RANGE_LOOP_ANALYSIS = YES;
				CLANG_WARN_STRICT_PROTOTYPES = YES;
				CLANG_WARN_SUSPICIOUS_MOVE = YES;
				CLANG_WARN_UNGUARDED_AVAILABILITY = YES_AGGRESSIVE;
				CLANG_WARN_UNREACHABLE_CODE = YES;
				CLANG_WARN__DUPLICATE_METHOD_MATCH = YES;
				CODE_SIGN_IDENTITY = "iPhone Developer";
				COPY_PHASE_STRIP = NO;
				DEBUG_INFORMATION_FORMAT = dwarf;
				ENABLE_STRICT_OBJC_MSGSEND = YES;
				ENABLE_TESTABILITY = YES;
				GCC_C_LANGUAGE_STANDARD = gnu11;
				GCC_DYNAMIC_NO_PIC = NO;
				GCC_NO_COMMON_BLOCKS = YES;
				GCC_OPTIMIZATION_LEVEL = 0;
				GCC_PREPROCESSOR_DEFINITIONS = (
					"DEBUG=1",
					"$(inherited)",
				);
				GCC_WARN_64_TO_32_BIT_CONVERSION = YES;
				GCC_WARN_ABOUT_RETURN_TYPE = YES_ERROR;
				GCC_WARN_UNDECLARED_SELECTOR = YES;
				GCC_WARN_UNINITIALIZED_AUTOS = YES_AGGRESSIVE;
				GCC_WARN_UNUSED_FUNCTION = YES;
				GCC_WARN_UNUSED_VARIABLE = YES;
				IPHONEOS_DEPLOYMENT_TARGET = 12.2;
				MTL_ENABLE_DEBUG_INFO = INCLUDE_SOURCE;
				MTL_FAST_MATH = YES;
				ONLY_ACTIVE_ARCH = YES;
				SDKROOT = iphoneos;
				SWIFT_ACTIVE_COMPILATION_CONDITIONS = DEBUG;
				SWIFT_OPTIMIZATION_LEVEL = "-Onone";
			};
			name = Debug;
		};
		0681C10D224FBFD6000EF660 /* Release */ = {
			isa = XCBuildConfiguration;
			buildSettings = {
				ALWAYS_SEARCH_USER_PATHS = NO;
				CLANG_ANALYZER_NONNULL = YES;
				CLANG_ANALYZER_NUMBER_OBJECT_CONVERSION = YES_AGGRESSIVE;
				CLANG_CXX_LANGUAGE_STANDARD = "gnu++14";
				CLANG_CXX_LIBRARY = "libc++";
				CLANG_ENABLE_MODULES = YES;
				CLANG_ENABLE_OBJC_ARC = YES;
				CLANG_ENABLE_OBJC_WEAK = YES;
				CLANG_WARN_BLOCK_CAPTURE_AUTORELEASING = YES;
				CLANG_WARN_BOOL_CONVERSION = YES;
				CLANG_WARN_COMMA = YES;
				CLANG_WARN_CONSTANT_CONVERSION = YES;
				CLANG_WARN_DEPRECATED_OBJC_IMPLEMENTATIONS = YES;
				CLANG_WARN_DIRECT_OBJC_ISA_USAGE = YES_ERROR;
				CLANG_WARN_DOCUMENTATION_COMMENTS = YES;
				CLANG_WARN_EMPTY_BODY = YES;
				CLANG_WARN_ENUM_CONVERSION = YES;
				CLANG_WARN_INFINITE_RECURSION = YES;
				CLANG_WARN_INT_CONVERSION = YES;
				CLANG_WARN_NON_LITERAL_NULL_CONVERSION = YES;
				CLANG_WARN_OBJC_IMPLICIT_RETAIN_SELF = YES;
				CLANG_WARN_OBJC_LITERAL_CONVERSION = YES;
				CLANG_WARN_OBJC_ROOT_CLASS = YES_ERROR;
				CLANG_WARN_RANGE_LOOP_ANALYSIS = YES;
				CLANG_WARN_STRICT_PROTOTYPES = YES;
				CLANG_WARN_SUSPICIOUS_MOVE = YES;
				CLANG_WARN_UNGUARDED_AVAILABILITY = YES_AGGRESSIVE;
				CLANG_WARN_UNREACHABLE_CODE = YES;
				CLANG_WARN__DUPLICATE_METHOD_MATCH = YES;
				CODE_SIGN_IDENTITY = "iPhone Developer";
				COPY_PHASE_STRIP = NO;
				DEBUG_INFORMATION_FORMAT = "dwarf-with-dsym";
				ENABLE_NS_ASSERTIONS = NO;
				ENABLE_STRICT_OBJC_MSGSEND = YES;
				GCC_C_LANGUAGE_STANDARD = gnu11;
				GCC_NO_COMMON_BLOCKS = YES;
				GCC_WARN_64_TO_32_BIT_CONVERSION = YES;
				GCC_WARN_ABOUT_RETURN_TYPE = YES_ERROR;
				GCC_WARN_UNDECLARED_SELECTOR = YES;
				GCC_WARN_UNINITIALIZED_AUTOS = YES_AGGRESSIVE;
				GCC_WARN_UNUSED_FUNCTION = YES;
				GCC_WARN_UNUSED_VARIABLE = YES;
				IPHONEOS_DEPLOYMENT_TARGET = 12.2;
				MTL_ENABLE_DEBUG_INFO = NO;
				MTL_FAST_MATH = YES;
				SDKROOT = iphoneos;
				SWIFT_COMPILATION_MODE = wholemodule;
				SWIFT_OPTIMIZATION_LEVEL = "-O";
				VALIDATE_PRODUCT = YES;
			};
			name = Release;
		};
		0681C10F224FBFD6000EF660 /* Debug */ = {
			isa = XCBuildConfiguration;
			baseConfigurationReference = 3E1C7BDEE1C44D4EBDE17EE8 /* Pods-ReadingQuantified.debug.xcconfig */;
			buildSettings = {
				ASSETCATALOG_COMPILER_APPICON_NAME = AppIcon;
				CODE_SIGN_STYLE = Automatic;
				DEVELOPMENT_TEAM = 2SQCB8N94B;
				INFOPLIST_FILE = "$(SRCROOT)/ReadingQuantified/Resources/Info.plist";
				LD_RUNPATH_SEARCH_PATHS = (
					"$(inherited)",
					"@executable_path/Frameworks",
				);
				PRODUCT_BUNDLE_IDENTIFIER = tech.esthermakes.ReadingQuantified;
				PRODUCT_NAME = "$(TARGET_NAME)";
				SWIFT_VERSION = 5.0;
				TARGETED_DEVICE_FAMILY = "1,2";
			};
			name = Debug;
		};
		0681C110224FBFD6000EF660 /* Release */ = {
			isa = XCBuildConfiguration;
			baseConfigurationReference = 3B68C14E46371754AED0B8CE /* Pods-ReadingQuantified.release.xcconfig */;
			buildSettings = {
				ASSETCATALOG_COMPILER_APPICON_NAME = AppIcon;
				CODE_SIGN_STYLE = Automatic;
				DEVELOPMENT_TEAM = 2SQCB8N94B;
				INFOPLIST_FILE = "$(SRCROOT)/ReadingQuantified/Resources/Info.plist";
				LD_RUNPATH_SEARCH_PATHS = (
					"$(inherited)",
					"@executable_path/Frameworks",
				);
				PRODUCT_BUNDLE_IDENTIFIER = tech.esthermakes.ReadingQuantified;
				PRODUCT_NAME = "$(TARGET_NAME)";
				SWIFT_VERSION = 5.0;
				TARGETED_DEVICE_FAMILY = "1,2";
			};
			name = Release;
		};
		0681C112224FBFD6000EF660 /* Debug */ = {
			isa = XCBuildConfiguration;
			baseConfigurationReference = 3E5A190DD93414CA492CB246 /* Pods-ReadingQuantifiedTests.debug.xcconfig */;
			buildSettings = {
				ALWAYS_EMBED_SWIFT_STANDARD_LIBRARIES = YES;
				BUNDLE_LOADER = "$(TEST_HOST)";
				CODE_SIGN_STYLE = Automatic;
				DEVELOPMENT_TEAM = 2SQCB8N94B;
				INFOPLIST_FILE = ReadingQuantifiedTests/Info.plist;
				LD_RUNPATH_SEARCH_PATHS = (
					"$(inherited)",
					"@executable_path/Frameworks",
					"@loader_path/Frameworks",
				);
				PRODUCT_BUNDLE_IDENTIFIER = tech.esthermakes.ReadingQuantifiedTests;
				PRODUCT_NAME = "$(TARGET_NAME)";
				SWIFT_VERSION = 5.0;
				TARGETED_DEVICE_FAMILY = "1,2";
				TEST_HOST = "$(BUILT_PRODUCTS_DIR)/ReadingQuantified.app/ReadingQuantified";
			};
			name = Debug;
		};
		0681C113224FBFD6000EF660 /* Release */ = {
			isa = XCBuildConfiguration;
			baseConfigurationReference = 051AB5DB166E79AA67168396 /* Pods-ReadingQuantifiedTests.release.xcconfig */;
			buildSettings = {
				ALWAYS_EMBED_SWIFT_STANDARD_LIBRARIES = YES;
				BUNDLE_LOADER = "$(TEST_HOST)";
				CODE_SIGN_STYLE = Automatic;
				DEVELOPMENT_TEAM = 2SQCB8N94B;
				INFOPLIST_FILE = ReadingQuantifiedTests/Info.plist;
				LD_RUNPATH_SEARCH_PATHS = (
					"$(inherited)",
					"@executable_path/Frameworks",
					"@loader_path/Frameworks",
				);
				PRODUCT_BUNDLE_IDENTIFIER = tech.esthermakes.ReadingQuantifiedTests;
				PRODUCT_NAME = "$(TARGET_NAME)";
				SWIFT_VERSION = 5.0;
				TARGETED_DEVICE_FAMILY = "1,2";
				TEST_HOST = "$(BUILT_PRODUCTS_DIR)/ReadingQuantified.app/ReadingQuantified";
			};
			name = Release;
		};
		0681C115224FBFD6000EF660 /* Debug */ = {
			isa = XCBuildConfiguration;
			baseConfigurationReference = 09C79FE59E75A8645FAAE9C6 /* Pods-ReadingQuantifiedUITests.debug.xcconfig */;
			buildSettings = {
				ALWAYS_EMBED_SWIFT_STANDARD_LIBRARIES = YES;
				CODE_SIGN_STYLE = Automatic;
				DEVELOPMENT_TEAM = 2SQCB8N94B;
				INFOPLIST_FILE = ReadingQuantifiedUITests/Info.plist;
				LD_RUNPATH_SEARCH_PATHS = (
					"$(inherited)",
					"@executable_path/Frameworks",
					"@loader_path/Frameworks",
				);
				PRODUCT_BUNDLE_IDENTIFIER = tech.esthermakes.ReadingQuantifiedUITests;
				PRODUCT_NAME = "$(TARGET_NAME)";
				SWIFT_VERSION = 5.0;
				TARGETED_DEVICE_FAMILY = "1,2";
				TEST_TARGET_NAME = ReadingQuantified;
			};
			name = Debug;
		};
		0681C116224FBFD6000EF660 /* Release */ = {
			isa = XCBuildConfiguration;
			baseConfigurationReference = 4434872E33448DE243D45586 /* Pods-ReadingQuantifiedUITests.release.xcconfig */;
			buildSettings = {
				ALWAYS_EMBED_SWIFT_STANDARD_LIBRARIES = YES;
				CODE_SIGN_STYLE = Automatic;
				DEVELOPMENT_TEAM = 2SQCB8N94B;
				INFOPLIST_FILE = ReadingQuantifiedUITests/Info.plist;
				LD_RUNPATH_SEARCH_PATHS = (
					"$(inherited)",
					"@executable_path/Frameworks",
					"@loader_path/Frameworks",
				);
				PRODUCT_BUNDLE_IDENTIFIER = tech.esthermakes.ReadingQuantifiedUITests;
				PRODUCT_NAME = "$(TARGET_NAME)";
				SWIFT_VERSION = 5.0;
				TARGETED_DEVICE_FAMILY = "1,2";
				TEST_TARGET_NAME = ReadingQuantified;
			};
			name = Release;
		};
/* End XCBuildConfiguration section */

/* Begin XCConfigurationList section */
		0681C0DE224FBFD5000EF660 /* Build configuration list for PBXProject "ReadingQuantified" */ = {
			isa = XCConfigurationList;
			buildConfigurations = (
				0681C10C224FBFD6000EF660 /* Debug */,
				0681C10D224FBFD6000EF660 /* Release */,
			);
			defaultConfigurationIsVisible = 0;
			defaultConfigurationName = Release;
		};
		0681C10E224FBFD6000EF660 /* Build configuration list for PBXNativeTarget "ReadingQuantified" */ = {
			isa = XCConfigurationList;
			buildConfigurations = (
				0681C10F224FBFD6000EF660 /* Debug */,
				0681C110224FBFD6000EF660 /* Release */,
			);
			defaultConfigurationIsVisible = 0;
			defaultConfigurationName = Release;
		};
		0681C111224FBFD6000EF660 /* Build configuration list for PBXNativeTarget "ReadingQuantifiedTests" */ = {
			isa = XCConfigurationList;
			buildConfigurations = (
				0681C112224FBFD6000EF660 /* Debug */,
				0681C113224FBFD6000EF660 /* Release */,
			);
			defaultConfigurationIsVisible = 0;
			defaultConfigurationName = Release;
		};
		0681C114224FBFD6000EF660 /* Build configuration list for PBXNativeTarget "ReadingQuantifiedUITests" */ = {
			isa = XCConfigurationList;
			buildConfigurations = (
				0681C115224FBFD6000EF660 /* Debug */,
				0681C116224FBFD6000EF660 /* Release */,
			);
			defaultConfigurationIsVisible = 0;
			defaultConfigurationName = Release;
		};
/* End XCConfigurationList section */
	};
	rootObject = 0681C0DB224FBFD5000EF660 /* Project object */;
}
